
Microsoft Visual Studio Solution File, Format Version 12.00
# Visual Studio Version 16
VisualStudioVersion = 16.0.31605.320
MinimumVisualStudioVersion = 10.0.40219.1
Project("{FAE04EC0-301F-11D3-BF4B-00C04F79EFBC}") = "P01_StudentSystem", "StudentSystemContext\P01_StudentSystem.csproj", "{63ED9837-A097-4BA5-B0BB-39C2F4938994}"
EndProject
Project("{FAE04EC0-301F-11D3-BF4B-00C04F79EFBC}") = "P01_StudentSystem.Data", "P01_StudentSystem.Data\P01_StudentSystem.Data.csproj", "{A6C546AD-A1F7-44B0-A925-367F07B22568}"
EndProject
Project("{FAE04EC0-301F-11D3-BF4B-00C04F79EFBC}") = "P01_StudentSystem.Data.Models", "P01_StudentSystem.Data.Models\P01_StudentSystem.Data.Models.csproj", "{9FBC6A03-D4CC-4027-AE66-9025B3C5F4F6}"
EndProject
Global
	GlobalSection(SolutionConfigurationPlatforms) = preSolution
		Debug|Any CPU = Debug|Any CPU
		Release|Any CPU = Release|Any CPU
	EndGlobalSection
	GlobalSection(ProjectConfigurationPlatforms) = postSolution
		{63ED9837-A097-4BA5-B0BB-39C2F4938994}.Debug|Any CPU.ActiveCfg = Debug|Any CPU
		{63ED9837-A097-4BA5-B0BB-39C2F4938994}.Debug|Any CPU.Build.0 = Debug|Any CPU
		{63ED9837-A097-4BA5-B0BB-39C2F4938994}.Release|Any CPU.ActiveCfg = Release|Any CPU
		{63ED9837-A097-4BA5-B0BB-39C2F4938994}.Release|Any CPU.Build.0 = Release|Any CPU
		{A6C546AD-A1F7-44B0-A925-367F07B22568}.Debug|Any CPU.ActiveCfg = Debug|Any CPU
		{A6C546AD-A1F7-44B0-A925-367F07B22568}.Debug|Any CPU.Build.0 = Debug|Any CPU
		{A6C546AD-A1F7-44B0-A925-367F07B22568}.Release|Any CPU.ActiveCfg = Release|Any CPU
		{A6C546AD-A1F7-44B0-A925-367F07B22568}.Release|Any CPU.Build.0 = Release|Any CPU
		{9FBC6A03-D4CC-4027-AE66-9025B3C5F4F6}.Debug|Any CPU.ActiveCfg = Debug|Any CPU
		{9FBC6A03-D4CC-4027-AE66-9025B3C5F4F6}.Debug|Any CPU.Build.0 = Debug|Any CPU
		{9FBC6A03-D4CC-4027-AE66-9025B3C5F4F6}.Release|Any CPU.ActiveCfg = Release|Any CPU
		{9FBC6A03-D4CC-4027-AE66-9025B3C5F4F6}.Release|Any CPU.Build.0 = Release|Any CPU
	EndGlobalSection
	GlobalSection(SolutionProperties) = preSolution
		HideSolutionNode = FALSE
	EndGlobalSection
	GlobalSection(ExtensibilityGlobals) = postSolution
		SolutionGuid = {030D12EA-C472-4407-B067-5C511D3B0E18}
	EndGlobalSection
EndGlobal
