
Microsoft Visual Studio Solution File, Format Version 12.00
# Visual Studio Version 16
VisualStudioVersion = 16.0.31605.320
MinimumVisualStudioVersion = 10.0.40219.1
Project("{FAE04EC0-301F-11D3-BF4B-00C04F79EFBC}") = "WebApplication2", "WebApplication2\WebApplication2.csproj", "{FBA6B73B-64B1-4AD5-9DDC-71CABC3B6A22}"
EndProject
Global
	GlobalSection(SolutionConfigurationPlatforms) = preSolution
		Debug|Any CPU = Debug|Any CPU
		Release|Any CPU = Release|Any CPU
	EndGlobalSection
	GlobalSection(ProjectConfigurationPlatforms) = postSolution
		{FBA6B73B-64B1-4AD5-9DDC-71CABC3B6A22}.Debug|Any CPU.ActiveCfg = Debug|Any CPU
		{FBA6B73B-64B1-4AD5-9DDC-71CABC3B6A22}.Debug|Any CPU.Build.0 = Debug|Any CPU
		{FBA6B73B-64B1-4AD5-9DDC-71CABC3B6A22}.Release|Any CPU.ActiveCfg = Release|Any CPU
		{FBA6B73B-64B1-4AD5-9DDC-71CABC3B6A22}.Release|Any CPU.Build.0 = Release|Any CPU
	EndGlobalSection
	GlobalSection(SolutionProperties) = preSolution
		HideSolutionNode = FALSE
	EndGlobalSection
	GlobalSection(ExtensibilityGlobals) = postSolution
		SolutionGuid = {BD2456BD-2191-442D-9379-3D8BEEBAB988}
	EndGlobalSection
EndGlobal
